# This file is automatically @generated by Cargo.
# It is not intended for manual editing.
version = 4

[[package]]
name = "fna"
version = "0.1.0"
dependencies = [
 "nucleotides",
]

[[package]]
name = "nucl-gc-content"
version = "0.1.0"
dependencies = [
 "fna",
 "nucleotides",
]

[[package]]
name = "nucleotides"
version = "0.1.0"
